<?xml version="1.0" encoding="utf-8"?>
<Project ToolsVersion="4.0" xmlns="http://schemas.microsoft.com/developer/msbuild/2003">
  <ItemGroup>
    <Filter Include="Resource Files">
      <UniqueIdentifier>{67DA6AB6-F800-4c08-8B7A-83BB121AAD01}</UniqueIdentifier>
      <Extensions>rc;ico;cur;bmp;dlg;rc2;rct;bin;rgs;gif;jpg;jpeg;jpe;resx;tiff;tif;png;wav;mfcribbon-ms</Extensions>
    </Filter>
    <Filter Include="Shaders">
      <UniqueIdentifier>{71ab9f8e-e78e-492a-98ef-727becbd9e62}</UniqueIdentifier>
    </Filter>
    <Filter Include="VulkanTutorial">
      <UniqueIdentifier>{f656d4ce-586e-4ffb-a916-ea17bb1a6499}</UniqueIdentifier>
    </Filter>
    <Filter Include="MyCodes">
      <UniqueIdentifier>{30969388-1645-4cd0-be5d-20ec74de9307}</UniqueIdentifier>
    </Filter>
    <Filter Include="MyCodes\ImGui">
      <UniqueIdentifier>{1f7227d2-0e1f-4260-8d3d-88d3d736eff1}</UniqueIdentifier>
    </Filter>
  </ItemGroup>
  <ItemGroup>
    <None Include="shaders\shader.frag">
      <Filter>Shaders</Filter>
    </None>
    <None Include="shaders\shader.vert">
      <Filter>Shaders</Filter>
    </None>
    <None Include="shaders\ObjectShader.frag">
      <Filter>Shaders</Filter>
    </None>
    <None Include="shaders\ObjectShader.vert">
      <Filter>Shaders</Filter>
    </None>
    <None Include="shaders\LightingPass.frag">
      <Filter>Shaders</Filter>
    </None>
    <None Include="shaders\LightingPass.vert">
      <Filter>Shaders</Filter>
    </None>
    <None Include="shaders\ForwardPass.frag">
      <Filter>Shaders</Filter>
    </None>
    <None Include="shaders\input_structures.glsl">
      <Filter>Shaders</Filter>
    </None>
    <None Include="shaders\light_structures.glsl">
      <Filter>Shaders</Filter>
    </None>
    <None Include="shaders\Pbr.frag">
      <Filter>Shaders</Filter>
    </None>
    <None Include="shaders\deferred.glsl">
      <Filter>Shaders</Filter>
    </None>
    <None Include="shaders\IrradianceCubeMap.vert">
      <Filter>Shaders</Filter>
    </None>
    <None Include="shaders\IrradianceCubeMap.frag">
      <Filter>Shaders</Filter>
    </None>
    <None Include="shaders\Skybox.vert">
      <Filter>Shaders</Filter>
    </None>
    <None Include="shaders\Skybox.frag">
      <Filter>Shaders</Filter>
    </None>
    <None Include="shaders\global.glsl">
      <Filter>Shaders</Filter>
    </None>
    <None Include="shaders\DiffuseMap.frag">
      <Filter>Shaders</Filter>
    </None>
    <None Include="shaders\SpecularMap.frag">
      <Filter>Shaders</Filter>
    </None>
    <None Include="shaders\BRDFIntegrationMap.vert">
      <Filter>Shaders</Filter>
    </None>
    <None Include="shaders\BRDFIntegrationMap.frag">
      <Filter>Shaders</Filter>
    </None>
  </ItemGroup>
  <ItemGroup>
    <ClCompile Include="Sources\VulkanTutorial\VulkanTutorial.cpp">
      <Filter>VulkanTutorial</Filter>
    </ClCompile>
    <ClCompile Include="Sources\main.cpp" />
    <ClCompile Include="Sources\MyCodes\VulkanTutorialExtension.cpp">
      <Filter>MyCodes</Filter>
    </ClCompile>
    <ClCompile Include="Libraries\DearImGui\imgui.cpp">
      <Filter>MyCodes\ImGui</Filter>
    </ClCompile>
    <ClCompile Include="Libraries\DearImGui\imgui_demo.cpp">
      <Filter>MyCodes\ImGui</Filter>
    </ClCompile>
    <ClCompile Include="Libraries\DearImGui\imgui_draw.cpp">
      <Filter>MyCodes\ImGui</Filter>
    </ClCompile>
    <ClCompile Include="Libraries\DearImGui\imgui_impl_glfw.cpp">
      <Filter>MyCodes\ImGui</Filter>
    </ClCompile>
    <ClCompile Include="Libraries\DearImGui\imgui_impl_vulkan.cpp">
      <Filter>MyCodes\ImGui</Filter>
    </ClCompile>
    <ClCompile Include="Libraries\DearImGui\imgui_tables.cpp">
      <Filter>MyCodes\ImGui</Filter>
    </ClCompile>
    <ClCompile Include="Libraries\DearImGui\imgui_widgets.cpp">
      <Filter>MyCodes\ImGui</Filter>
    </ClCompile>
    <ClCompile Include="Sources\MyCodes\VulkanTutorialExtensionImGui.cpp">
      <Filter>MyCodes</Filter>
    </ClCompile>
    <ClCompile Include="Sources\MyCodes\Vk_loader.cpp">
      <Filter>MyCodes</Filter>
    </ClCompile>
    <ClCompile Include="Sources\MyCodes\Buffer.cpp">
      <Filter>MyCodes</Filter>
    </ClCompile>
    <ClCompile Include="Sources\MyCodes\GPUMarker.cpp">
      <Filter>MyCodes</Filter>
    </ClCompile>
    <ClCompile Include="Sources\MyCodes\vk_engine.cpp">
      <Filter>MyCodes</Filter>
    </ClCompile>
    <ClCompile Include="Sources\VulkanTutorial\VulkanTools.cpp">
      <Filter>VulkanTutorial</Filter>
    </ClCompile>
    <ClCompile Include="Sources\MyCodes\vk_descriptor.cpp">
      <Filter>MyCodes</Filter>
    </ClCompile>
    <ClCompile Include="Sources\MyCodes\vk_types.cpp">
      <Filter>MyCodes</Filter>
    </ClCompile>
    <ClCompile Include="Sources\MyCodes\IrradianceCubeMap.cpp">
      <Filter>MyCodes</Filter>
    </ClCompile>
    <ClCompile Include="Sources\MyCodes\Skybox.cpp">
      <Filter>MyCodes</Filter>
    </ClCompile>
    <ClCompile Include="Sources\MyCodes\SimplePipeline.cpp">
      <Filter>MyCodes</Filter>
    </ClCompile>
    <ClCompile Include="Sources\MyCodes\vk_pathes.cpp">
      <Filter>MyCodes</Filter>
    </ClCompile>
    <ClCompile Include="Sources\MyCodes\vk_resource_utils.cpp">
      <Filter>MyCodes</Filter>
    </ClCompile>
    <ClCompile Include="Sources\MyCodes\MaterialTester.cpp">
      <Filter>MyCodes</Filter>
    </ClCompile>
  </ItemGroup>
  <ItemGroup>
    <ClInclude Include="Sources\VulkanTutorial\VulkanTutorial.h">
      <Filter>VulkanTutorial</Filter>
    </ClInclude>
    <ClInclude Include="Sources\MyCodes\Camera.h">
      <Filter>MyCodes</Filter>
    </ClInclude>
    <ClInclude Include="Sources\MyCodes\UniformBuffer.h">
      <Filter>MyCodes</Filter>
    </ClInclude>
    <ClInclude Include="Sources\MyCodes\Vertex.h">
      <Filter>MyCodes</Filter>
    </ClInclude>
    <ClInclude Include="Sources\MyCodes\VulkanTutorialExtension.h">
      <Filter>MyCodes</Filter>
    </ClInclude>
    <ClInclude Include="Sources\MyCodes\VulkanTutorialExtensionImGui.h">
      <Filter>MyCodes</Filter>
    </ClInclude>
    <ClInclude Include="Sources\MyCodes\UniformBufferTypes.h">
      <Filter>MyCodes</Filter>
    </ClInclude>
    <ClInclude Include="Sources\MyCodes\Vk_loader.h">
      <Filter>MyCodes</Filter>
    </ClInclude>
    <ClInclude Include="Sources\MyCodes\vk_types.h">
      <Filter>MyCodes</Filter>
    </ClInclude>
    <ClInclude Include="Sources\MyCodes\Buffer.h">
      <Filter>MyCodes</Filter>
    </ClInclude>
    <ClInclude Include="Sources\MyCodes\GPUMarker.h">
      <Filter>MyCodes</Filter>
    </ClInclude>
    <ClInclude Include="Sources\MyCodes\vk_descriptor.h">
      <Filter>MyCodes</Filter>
    </ClInclude>
    <ClInclude Include="Sources\MyCodes\vk_engine.h">
      <Filter>MyCodes</Filter>
    </ClInclude>
    <ClInclude Include="Sources\VulkanTutorial\vk_initializers.h">
      <Filter>VulkanTutorial</Filter>
    </ClInclude>
    <ClInclude Include="Sources\VulkanTutorial\VulkanTools.h">
      <Filter>VulkanTutorial</Filter>
    </ClInclude>
    <ClInclude Include="Sources\MyCodes\IrradianceCubeMap.h">
      <Filter>MyCodes</Filter>
    </ClInclude>
    <ClInclude Include="Sources\MyCodes\Skybox.h">
      <Filter>MyCodes</Filter>
    </ClInclude>
    <ClInclude Include="Sources\MyCodes\Cube.h">
      <Filter>MyCodes</Filter>
    </ClInclude>
    <ClInclude Include="Sources\MyCodes\SimplePipeline.h">
      <Filter>MyCodes</Filter>
    </ClInclude>
    <ClInclude Include="Sources\MyCodes\Quad.h">
      <Filter>MyCodes</Filter>
    </ClInclude>
    <ClInclude Include="Sources\MyCodes\vk_pathes.h">
      <Filter>MyCodes</Filter>
    </ClInclude>
    <ClInclude Include="Sources\MyCodes\vk_resource_utils.h">
      <Filter>MyCodes</Filter>
    </ClInclude>
    <ClInclude Include="Sources\MyCodes\Sphere.h">
      <Filter>MyCodes</Filter>
    </ClInclude>
    <ClInclude Include="Sources\MyCodes\MaterialTester.h">
      <Filter>MyCodes</Filter>
    </ClInclude>
  </ItemGroup>
</Project>